
Microsoft Visual Studio Solution File, Format Version 12.00
# Visual Studio Version 17
VisualStudioVersion = 17.13.35806.99 d17.13
MinimumVisualStudioVersion = 10.0.40219.1
Project("{8BC9CEB8-8B4A-11D0-8D11-00A0C91BC942}") = "Kondakov_LR2_class_begin", "Kondakov_LR2_class_begin\Kondakov_LR2_class_begin.vcxproj", "{A4B5F502-14DA-46A3-8249-6129717A7778}"
EndProject
Global
	GlobalSection(SolutionConfigurationPlatforms) = preSolution
		Debug|x64 = Debug|x64
		Debug|x86 = Debug|x86
		Release|x64 = Release|x64
		Release|x86 = Release|x86
	EndGlobalSection
	GlobalSection(ProjectConfigurationPlatforms) = postSolution
		{A4B5F502-14DA-46A3-8249-6129717A7778}.Debug|x64.ActiveCfg = Debug|x64
		{A4B5F502-14DA-46A3-8249-6129717A7778}.Debug|x64.Build.0 = Debug|x64
		{A4B5F502-14DA-46A3-8249-6129717A7778}.Debug|x86.ActiveCfg = Debug|Win32
		{A4B5F502-14DA-46A3-8249-6129717A7778}.Debug|x86.Build.0 = Debug|Win32
		{A4B5F502-14DA-46A3-8249-6129717A7778}.Release|x64.ActiveCfg = Release|x64
		{A4B5F502-14DA-46A3-8249-6129717A7778}.Release|x64.Build.0 = Release|x64
		{A4B5F502-14DA-46A3-8249-6129717A7778}.Release|x86.ActiveCfg = Release|Win32
		{A4B5F502-14DA-46A3-8249-6129717A7778}.Release|x86.Build.0 = Release|Win32
	EndGlobalSection
	GlobalSection(SolutionProperties) = preSolution
		HideSolutionNode = FALSE
	EndGlobalSection
	GlobalSection(ExtensibilityGlobals) = postSolution
		SolutionGuid = {730D6EA5-D328-44A8-AA91-FBDBEB698203}
	EndGlobalSection
EndGlobal
